
Microsoft Visual Studio Solution File, Format Version 12.00
# Visual Studio Version 17
VisualStudioVersion = 17.4.33213.308
MinimumVisualStudioVersion = 10.0.40219.1
Project("{FAE04EC0-301F-11D3-BF4B-00C04F79EFBC}") = "02-robat", "02-robat\02-robat.csproj", "{FA37D80C-B675-4FA2-952E-7CEBF84A4E08}"
EndProject
Global
	GlobalSection(SolutionConfigurationPlatforms) = preSolution
		Debug|Any CPU = Debug|Any CPU
		Release|Any CPU = Release|Any CPU
	EndGlobalSection
	GlobalSection(ProjectConfigurationPlatforms) = postSolution
		{FA37D80C-B675-4FA2-952E-7CEBF84A4E08}.Debug|Any CPU.ActiveCfg = Debug|Any CPU
		{FA37D80C-B675-4FA2-952E-7CEBF84A4E08}.Debug|Any CPU.Build.0 = Debug|Any CPU
		{FA37D80C-B675-4FA2-952E-7CEBF84A4E08}.Release|Any CPU.ActiveCfg = Release|Any CPU
		{FA37D80C-B675-4FA2-952E-7CEBF84A4E08}.Release|Any CPU.Build.0 = Release|Any CPU
	EndGlobalSection
	GlobalSection(SolutionProperties) = preSolution
		HideSolutionNode = FALSE
	EndGlobalSection
	GlobalSection(ExtensibilityGlobals) = postSolution
		SolutionGuid = {2CA1B0A3-FE16-4999-9A07-31E9552C67A5}
	EndGlobalSection
EndGlobal
